// !$*UTF8*$!
{
	archiveVersion = 1;
	classes = {
	};
	objectVersion = 56;
	objects = {

/* Begin PBXBuildFile section */
		DF3AF39D29895A1C00FA9452 /* BaseRepository.swift in Sources */ = {isa = PBXBuildFile; fileRef = DF3AF39C29895A1C00FA9452 /* BaseRepository.swift */; };
		DF3AF39F29895A7500FA9452 /* MovieViewModel.swift in Sources */ = {isa = PBXBuildFile; fileRef = DF3AF39E29895A7500FA9452 /* MovieViewModel.swift */; };
		DF3AF3A1298C939800FA9452 /* MoviesView.swift in Sources */ = {isa = PBXBuildFile; fileRef = DF3AF3A0298C939800FA9452 /* MoviesView.swift */; };
		DF3AF3A3298C94A400FA9452 /* InCinemasView.swift in Sources */ = {isa = PBXBuildFile; fileRef = DF3AF3A2298C94A400FA9452 /* InCinemasView.swift */; };
		DF3AF3A5298C96B300FA9452 /* ComingSoonView.swift in Sources */ = {isa = PBXBuildFile; fileRef = DF3AF3A4298C96B300FA9452 /* ComingSoonView.swift */; };
		DF3AF3A7298D4FA100FA9452 /* DetailRepo.swift in Sources */ = {isa = PBXBuildFile; fileRef = DF3AF3A6298D4FA100FA9452 /* DetailRepo.swift */; };
		DF58DF06298933610089E0AA /* Cinema.swift in Sources */ = {isa = PBXBuildFile; fileRef = DF58DF05298933610089E0AA /* Cinema.swift */; };
		DF58DF0A2989338E0089E0AA /* Person.swift in Sources */ = {isa = PBXBuildFile; fileRef = DF58DF092989338E0089E0AA /* Person.swift */; };
		DF58DF0C298933EA0089E0AA /* Showtime.swift in Sources */ = {isa = PBXBuildFile; fileRef = DF58DF0B298933EA0089E0AA /* Showtime.swift */; };
		DF58DF0E298933F80089E0AA /* Services.swift in Sources */ = {isa = PBXBuildFile; fileRef = DF58DF0D298933F80089E0AA /* Services.swift */; };
		DF58DF102989340A0089E0AA /* GroupDatum.swift in Sources */ = {isa = PBXBuildFile; fileRef = DF58DF0F2989340A0089E0AA /* GroupDatum.swift */; };
		DF58DF12298934100089E0AA /* Datum.swift in Sources */ = {isa = PBXBuildFile; fileRef = DF58DF11298934100089E0AA /* Datum.swift */; };
		DF9B47202991418100149AEE /* BaseResponse.swift in Sources */ = {isa = PBXBuildFile; fileRef = DF9B471F2991418100149AEE /* BaseResponse.swift */; };
		DF9B472329914CAD00149AEE /* Category.swift in Sources */ = {isa = PBXBuildFile; fileRef = DF9B472229914CAD00149AEE /* Category.swift */; };
		DF9B47282992529A00149AEE /* Stats.swift in Sources */ = {isa = PBXBuildFile; fileRef = DF9B47272992529A00149AEE /* Stats.swift */; };
		DFAD0E962996573E001B1C1B /* BaseItem.swift in Sources */ = {isa = PBXBuildFile; fileRef = DFAD0E952996573E001B1C1B /* BaseItem.swift */; };
		DFAD0E9829965759001B1C1B /* Movie.swift in Sources */ = {isa = PBXBuildFile; fileRef = DFAD0E9729965759001B1C1B /* Movie.swift */; };
		DFAD0E9A29965761001B1C1B /* TvShow.swift in Sources */ = {isa = PBXBuildFile; fileRef = DFAD0E9929965761001B1C1B /* TvShow.swift */; };
		DFAD0E9C299657A8001B1C1B /* DetailBaseItem.swift in Sources */ = {isa = PBXBuildFile; fileRef = DFAD0E9B299657A8001B1C1B /* DetailBaseItem.swift */; };
		DFAD0E9E2996586D001B1C1B /* TvShowDetail.swift in Sources */ = {isa = PBXBuildFile; fileRef = DFAD0E9D2996586D001B1C1B /* TvShowDetail.swift */; };
		DFAD0EA029965872001B1C1B /* MovieDetail.swift in Sources */ = {isa = PBXBuildFile; fileRef = DFAD0E9F29965872001B1C1B /* MovieDetail.swift */; };
		DFAD0EA22996696F001B1C1B /* DetailViewModel.swift in Sources */ = {isa = PBXBuildFile; fileRef = DFAD0EA12996696F001B1C1B /* DetailViewModel.swift */; };
		DFAF48DE297AC5B900C457DC /* KinoSwiftUIApp.swift in Sources */ = {isa = PBXBuildFile; fileRef = DFAF48DD297AC5B900C457DC /* KinoSwiftUIApp.swift */; };
		DFAF48E2297AC5BD00C457DC /* Assets.xcassets in Resources */ = {isa = PBXBuildFile; fileRef = DFAF48E1297AC5BD00C457DC /* Assets.xcassets */; };
		DFAF48E6297AC5BD00C457DC /* Preview Assets.xcassets in Resources */ = {isa = PBXBuildFile; fileRef = DFAF48E5297AC5BD00C457DC /* Preview Assets.xcassets */; };
		DFAF48FB297AC63900C457DC /* JSONEncodingHelper.swift in Sources */ = {isa = PBXBuildFile; fileRef = DFAF48FA297AC63900C457DC /* JSONEncodingHelper.swift */; };
		DFAF4903297AC67100C457DC /* Ratings.swift in Sources */ = {isa = PBXBuildFile; fileRef = DFAF4902297AC67100C457DC /* Ratings.swift */; };
		DFAF4907297AC67E00C457DC /* Spotlight.swift in Sources */ = {isa = PBXBuildFile; fileRef = DFAF4906297AC67E00C457DC /* Spotlight.swift */; };
		DFAF4909297AC6D200C457DC /* ShowsViewModel.swift in Sources */ = {isa = PBXBuildFile; fileRef = DFAF4908297AC6D200C457DC /* ShowsViewModel.swift */; };
		DFAF4911297AC70200C457DC /* OnDemandParentViewModel.swift in Sources */ = {isa = PBXBuildFile; fileRef = DFAF4910297AC70200C457DC /* OnDemandParentViewModel.swift */; };
		DFAF4913297AC70F00C457DC /* InCinemasParentViewModel.swift in Sources */ = {isa = PBXBuildFile; fileRef = DFAF4912297AC70F00C457DC /* InCinemasParentViewModel.swift */; };
		DFAF4917297AC73D00C457DC /* ServerAPI.swift in Sources */ = {isa = PBXBuildFile; fileRef = DFAF4916297AC73D00C457DC /* ServerAPI.swift */; };
		DFAF4921297AC78D00C457DC /* ServerAPI+Parsing.swift in Sources */ = {isa = PBXBuildFile; fileRef = DFAF4920297AC78D00C457DC /* ServerAPI+Parsing.swift */; };
		DFAF4923297AC79600C457DC /* Error+Extension.swift in Sources */ = {isa = PBXBuildFile; fileRef = DFAF4922297AC79600C457DC /* Error+Extension.swift */; };
		DFAF4925297AC7AD00C457DC /* Helpers.swift in Sources */ = {isa = PBXBuildFile; fileRef = DFAF4924297AC7AD00C457DC /* Helpers.swift */; };
		DFAF4927297AC8E700C457DC /* MovieDetailScreen.swift in Sources */ = {isa = PBXBuildFile; fileRef = DFAF4926297AC8E700C457DC /* MovieDetailScreen.swift */; };
		DFAF4929297AC8F300C457DC /* TVShowDetailScreen.swift in Sources */ = {isa = PBXBuildFile; fileRef = DFAF4928297AC8F300C457DC /* TVShowDetailScreen.swift */; };
		DFAF492B297AC91200C457DC /* ContentView.swift in Sources */ = {isa = PBXBuildFile; fileRef = DFAF492A297AC91200C457DC /* ContentView.swift */; };
		DFAF492D297AC92A00C457DC /* SidebarView.swift in Sources */ = {isa = PBXBuildFile; fileRef = DFAF492C297AC92A00C457DC /* SidebarView.swift */; };
		DFAF492F297AC93600C457DC /* ImageBlurView.swift in Sources */ = {isa = PBXBuildFile; fileRef = DFAF492E297AC93600C457DC /* ImageBlurView.swift */; };
		DFAF4938297AC9CE00C457DC /* InCinemasParentView.swift in Sources */ = {isa = PBXBuildFile; fileRef = DFAF4937297AC9CE00C457DC /* InCinemasParentView.swift */; };
		DFAF493C297AC9EF00C457DC /* ShowsView.swift in Sources */ = {isa = PBXBuildFile; fileRef = DFAF493B297AC9EF00C457DC /* ShowsView.swift */; };
		DFAF493E297AC9FF00C457DC /* OnDemandParentView.swift in Sources */ = {isa = PBXBuildFile; fileRef = DFAF493D297AC9FF00C457DC /* OnDemandParentView.swift */; };
/* End PBXBuildFile section */

/* Begin PBXFileReference section */
		DF3AF39C29895A1C00FA9452 /* BaseRepository.swift */ = {isa = PBXFileReference; lastKnownFileType = sourcecode.swift; path = BaseRepository.swift; sourceTree = "<group>"; };
		DF3AF39E29895A7500FA9452 /* MovieViewModel.swift */ = {isa = PBXFileReference; lastKnownFileType = sourcecode.swift; path = MovieViewModel.swift; sourceTree = "<group>"; };
		DF3AF3A0298C939800FA9452 /* MoviesView.swift */ = {isa = PBXFileReference; lastKnownFileType = sourcecode.swift; path = MoviesView.swift; sourceTree = "<group>"; };
		DF3AF3A2298C94A400FA9452 /* InCinemasView.swift */ = {isa = PBXFileReference; lastKnownFileType = sourcecode.swift; path = InCinemasView.swift; sourceTree = "<group>"; };
		DF3AF3A4298C96B300FA9452 /* ComingSoonView.swift */ = {isa = PBXFileReference; lastKnownFileType = sourcecode.swift; path = ComingSoonView.swift; sourceTree = "<group>"; };
		DF3AF3A6298D4FA100FA9452 /* DetailRepo.swift */ = {isa = PBXFileReference; lastKnownFileType = sourcecode.swift; path = DetailRepo.swift; sourceTree = "<group>"; };
		DF58DF05298933610089E0AA /* Cinema.swift */ = {isa = PBXFileReference; lastKnownFileType = sourcecode.swift; path = Cinema.swift; sourceTree = "<group>"; };
		DF58DF092989338E0089E0AA /* Person.swift */ = {isa = PBXFileReference; lastKnownFileType = sourcecode.swift; path = Person.swift; sourceTree = "<group>"; };
		DF58DF0B298933EA0089E0AA /* Showtime.swift */ = {isa = PBXFileReference; lastKnownFileType = sourcecode.swift; path = Showtime.swift; sourceTree = "<group>"; };
		DF58DF0D298933F80089E0AA /* Services.swift */ = {isa = PBXFileReference; lastKnownFileType = sourcecode.swift; path = Services.swift; sourceTree = "<group>"; };
		DF58DF0F2989340A0089E0AA /* GroupDatum.swift */ = {isa = PBXFileReference; lastKnownFileType = sourcecode.swift; path = GroupDatum.swift; sourceTree = "<group>"; };
		DF58DF11298934100089E0AA /* Datum.swift */ = {isa = PBXFileReference; lastKnownFileType = sourcecode.swift; path = Datum.swift; sourceTree = "<group>"; };
		DF9B471F2991418100149AEE /* BaseResponse.swift */ = {isa = PBXFileReference; lastKnownFileType = sourcecode.swift; path = BaseResponse.swift; sourceTree = "<group>"; };
		DF9B472229914CAD00149AEE /* Category.swift */ = {isa = PBXFileReference; lastKnownFileType = sourcecode.swift; path = Category.swift; sourceTree = "<group>"; };
		DF9B47272992529A00149AEE /* Stats.swift */ = {isa = PBXFileReference; lastKnownFileType = sourcecode.swift; path = Stats.swift; sourceTree = "<group>"; };
		DFAD0E952996573E001B1C1B /* BaseItem.swift */ = {isa = PBXFileReference; lastKnownFileType = sourcecode.swift; path = BaseItem.swift; sourceTree = "<group>"; };
		DFAD0E9729965759001B1C1B /* Movie.swift */ = {isa = PBXFileReference; lastKnownFileType = sourcecode.swift; path = Movie.swift; sourceTree = "<group>"; };
		DFAD0E9929965761001B1C1B /* TvShow.swift */ = {isa = PBXFileReference; lastKnownFileType = sourcecode.swift; path = TvShow.swift; sourceTree = "<group>"; };
		DFAD0E9B299657A8001B1C1B /* DetailBaseItem.swift */ = {isa = PBXFileReference; lastKnownFileType = sourcecode.swift; path = DetailBaseItem.swift; sourceTree = "<group>"; };
		DFAD0E9D2996586D001B1C1B /* TvShowDetail.swift */ = {isa = PBXFileReference; lastKnownFileType = sourcecode.swift; path = TvShowDetail.swift; sourceTree = "<group>"; };
		DFAD0E9F29965872001B1C1B /* MovieDetail.swift */ = {isa = PBXFileReference; lastKnownFileType = sourcecode.swift; path = MovieDetail.swift; sourceTree = "<group>"; };
		DFAD0EA12996696F001B1C1B /* DetailViewModel.swift */ = {isa = PBXFileReference; lastKnownFileType = sourcecode.swift; path = DetailViewModel.swift; sourceTree = "<group>"; };
		DFAF48DA297AC5B900C457DC /* KinoSwiftUI.app */ = {isa = PBXFileReference; explicitFileType = wrapper.application; includeInIndex = 0; path = KinoSwiftUI.app; sourceTree = BUILT_PRODUCTS_DIR; };
		DFAF48DD297AC5B900C457DC /* KinoSwiftUIApp.swift */ = {isa = PBXFileReference; lastKnownFileType = sourcecode.swift; path = KinoSwiftUIApp.swift; sourceTree = "<group>"; };
		DFAF48E1297AC5BD00C457DC /* Assets.xcassets */ = {isa = PBXFileReference; lastKnownFileType = folder.assetcatalog; path = Assets.xcassets; sourceTree = "<group>"; };
		DFAF48E3297AC5BD00C457DC /* KinoSwiftUI.entitlements */ = {isa = PBXFileReference; lastKnownFileType = text.plist.entitlements; path = KinoSwiftUI.entitlements; sourceTree = "<group>"; };
		DFAF48E5297AC5BD00C457DC /* Preview Assets.xcassets */ = {isa = PBXFileReference; lastKnownFileType = folder.assetcatalog; path = "Preview Assets.xcassets"; sourceTree = "<group>"; };
		DFAF48FA297AC63900C457DC /* JSONEncodingHelper.swift */ = {isa = PBXFileReference; lastKnownFileType = sourcecode.swift; path = JSONEncodingHelper.swift; sourceTree = "<group>"; };
		DFAF4902297AC67100C457DC /* Ratings.swift */ = {isa = PBXFileReference; lastKnownFileType = sourcecode.swift; path = Ratings.swift; sourceTree = "<group>"; };
		DFAF4906297AC67E00C457DC /* Spotlight.swift */ = {isa = PBXFileReference; lastKnownFileType = sourcecode.swift; path = Spotlight.swift; sourceTree = "<group>"; };
		DFAF4908297AC6D200C457DC /* ShowsViewModel.swift */ = {isa = PBXFileReference; lastKnownFileType = sourcecode.swift; path = ShowsViewModel.swift; sourceTree = "<group>"; };
		DFAF4910297AC70200C457DC /* OnDemandParentViewModel.swift */ = {isa = PBXFileReference; lastKnownFileType = sourcecode.swift; path = OnDemandParentViewModel.swift; sourceTree = "<group>"; };
		DFAF4912297AC70F00C457DC /* InCinemasParentViewModel.swift */ = {isa = PBXFileReference; lastKnownFileType = sourcecode.swift; path = InCinemasParentViewModel.swift; sourceTree = "<group>"; };
		DFAF4916297AC73D00C457DC /* ServerAPI.swift */ = {isa = PBXFileReference; lastKnownFileType = sourcecode.swift; path = ServerAPI.swift; sourceTree = "<group>"; };
		DFAF4920297AC78D00C457DC /* ServerAPI+Parsing.swift */ = {isa = PBXFileReference; lastKnownFileType = sourcecode.swift; path = "ServerAPI+Parsing.swift"; sourceTree = "<group>"; };
		DFAF4922297AC79600C457DC /* Error+Extension.swift */ = {isa = PBXFileReference; lastKnownFileType = sourcecode.swift; path = "Error+Extension.swift"; sourceTree = "<group>"; };
		DFAF4924297AC7AD00C457DC /* Helpers.swift */ = {isa = PBXFileReference; lastKnownFileType = sourcecode.swift; path = Helpers.swift; sourceTree = "<group>"; };
		DFAF4926297AC8E700C457DC /* MovieDetailScreen.swift */ = {isa = PBXFileReference; lastKnownFileType = sourcecode.swift; path = MovieDetailScreen.swift; sourceTree = "<group>"; };
		DFAF4928297AC8F300C457DC /* TVShowDetailScreen.swift */ = {isa = PBXFileReference; lastKnownFileType = sourcecode.swift; path = TVShowDetailScreen.swift; sourceTree = "<group>"; };
		DFAF492A297AC91200C457DC /* ContentView.swift */ = {isa = PBXFileReference; lastKnownFileType = sourcecode.swift; path = ContentView.swift; sourceTree = "<group>"; };
		DFAF492C297AC92A00C457DC /* SidebarView.swift */ = {isa = PBXFileReference; lastKnownFileType = sourcecode.swift; path = SidebarView.swift; sourceTree = "<group>"; };
		DFAF492E297AC93600C457DC /* ImageBlurView.swift */ = {isa = PBXFileReference; lastKnownFileType = sourcecode.swift; path = ImageBlurView.swift; sourceTree = "<group>"; };
		DFAF4937297AC9CE00C457DC /* InCinemasParentView.swift */ = {isa = PBXFileReference; lastKnownFileType = sourcecode.swift; path = InCinemasParentView.swift; sourceTree = "<group>"; };
		DFAF493B297AC9EF00C457DC /* ShowsView.swift */ = {isa = PBXFileReference; lastKnownFileType = sourcecode.swift; path = ShowsView.swift; sourceTree = "<group>"; };
		DFAF493D297AC9FF00C457DC /* OnDemandParentView.swift */ = {isa = PBXFileReference; lastKnownFileType = sourcecode.swift; path = OnDemandParentView.swift; sourceTree = "<group>"; };
/* End PBXFileReference section */

/* Begin PBXFrameworksBuildPhase section */
		DFAF48D7297AC5B900C457DC /* Frameworks */ = {
			isa = PBXFrameworksBuildPhase;
			buildActionMask = 2147483647;
			files = (
			);
			runOnlyForDeploymentPostprocessing = 0;
		};
/* End PBXFrameworksBuildPhase section */

/* Begin PBXGroup section */
		DF9B472629914EF500149AEE /* Common */ = {
			isa = PBXGroup;
			children = (
				DF58DF0F2989340A0089E0AA /* GroupDatum.swift */,
				DF58DF11298934100089E0AA /* Datum.swift */,
				DF58DF0B298933EA0089E0AA /* Showtime.swift */,
				DF58DF0D298933F80089E0AA /* Services.swift */,
				DF58DF05298933610089E0AA /* Cinema.swift */,
				DF58DF092989338E0089E0AA /* Person.swift */,
				DFAF48FA297AC63900C457DC /* JSONEncodingHelper.swift */,
				DFAF4906297AC67E00C457DC /* Spotlight.swift */,
				DF9B471F2991418100149AEE /* BaseResponse.swift */,
				DFAD0E9729965759001B1C1B /* Movie.swift */,
				DFAD0E952996573E001B1C1B /* BaseItem.swift */,
				DFAD0E9929965761001B1C1B /* TvShow.swift */,
				DF9B472229914CAD00149AEE /* Category.swift */,
				DF9B47272992529A00149AEE /* Stats.swift */,
				DFAF4902297AC67100C457DC /* Ratings.swift */,
			);
			path = Common;
			sourceTree = "<group>";
		};
		DFAD0E942996572C001B1C1B /* DetailModel */ = {
			isa = PBXGroup;
			children = (
				DFAD0E9B299657A8001B1C1B /* DetailBaseItem.swift */,
				DFAD0E9F29965872001B1C1B /* MovieDetail.swift */,
				DFAD0E9D2996586D001B1C1B /* TvShowDetail.swift */,
			);
			path = DetailModel;
			sourceTree = "<group>";
		};
		DFAF48D1297AC5B900C457DC = {
			isa = PBXGroup;
			children = (
				DFAF48DC297AC5B900C457DC /* KinoSwiftUI */,
				DFAF48DB297AC5B900C457DC /* Products */,
			);
			sourceTree = "<group>";
		};
		DFAF48DB297AC5B900C457DC /* Products */ = {
			isa = PBXGroup;
			children = (
				DFAF48DA297AC5B900C457DC /* KinoSwiftUI.app */,
			);
			name = Products;
			sourceTree = "<group>";
		};
		DFAF48DC297AC5B900C457DC /* KinoSwiftUI */ = {
			isa = PBXGroup;
			children = (
				DFAF48EC297AC5D000C457DC /* Models */,
				DFAF48ED297AC5D700C457DC /* ViewModels */,
				DFAF48EE297AC5DE00C457DC /* API */,
				DFAF48EF297AC5E200C457DC /* Views */,
				DFAF48E1297AC5BD00C457DC /* Assets.xcassets */,
				DFAF48DD297AC5B900C457DC /* KinoSwiftUIApp.swift */,
				DFAF48E3297AC5BD00C457DC /* KinoSwiftUI.entitlements */,
				DFAF48E4297AC5BD00C457DC /* Preview Content */,
			);
			path = KinoSwiftUI;
			sourceTree = "<group>";
		};
		DFAF48E4297AC5BD00C457DC /* Preview Content */ = {
			isa = PBXGroup;
			children = (
				DFAF48E5297AC5BD00C457DC /* Preview Assets.xcassets */,
			);
			path = "Preview Content";
			sourceTree = "<group>";
		};
		DFAF48EC297AC5D000C457DC /* Models */ = {
			isa = PBXGroup;
			children = (
				DFAD0E942996572C001B1C1B /* DetailModel */,
				DF9B472629914EF500149AEE /* Common */,
			);
			path = Models;
			sourceTree = "<group>";
		};
		DFAF48ED297AC5D700C457DC /* ViewModels */ = {
			isa = PBXGroup;
			children = (
				DFAF4908297AC6D200C457DC /* ShowsViewModel.swift */,
				DF3AF39E29895A7500FA9452 /* MovieViewModel.swift */,
				DFAD0EA12996696F001B1C1B /* DetailViewModel.swift */,
				DFAF4910297AC70200C457DC /* OnDemandParentViewModel.swift */,
				DFAF4912297AC70F00C457DC /* InCinemasParentViewModel.swift */,
			);
			path = ViewModels;
			sourceTree = "<group>";
		};
		DFAF48EE297AC5DE00C457DC /* API */ = {
			isa = PBXGroup;
			children = (
				DFAF4915297AC73000C457DC /* Parsing */,
				DFAF4914297AC72C00C457DC /* Repository */,
				DFAF4916297AC73D00C457DC /* ServerAPI.swift */,
			);
			path = API;
			sourceTree = "<group>";
		};
		DFAF48EF297AC5E200C457DC /* Views */ = {
			isa = PBXGroup;
			children = (
				DFAF4932297AC96E00C457DC /* DetailScreens */,
				DFAF4931297AC96300C457DC /* InCinemas */,
				DFAF4930297AC95D00C457DC /* OnDemand */,
				DFAF492A297AC91200C457DC /* ContentView.swift */,
				DFAF492C297AC92A00C457DC /* SidebarView.swift */,
				DFAF492E297AC93600C457DC /* ImageBlurView.swift */,
			);
			path = Views;
			sourceTree = "<group>";
		};
		DFAF4914297AC72C00C457DC /* Repository */ = {
			isa = PBXGroup;
			children = (
				DFAF4920297AC78D00C457DC /* ServerAPI+Parsing.swift */,
				DFAF4922297AC79600C457DC /* Error+Extension.swift */,
				DFAF4924297AC7AD00C457DC /* Helpers.swift */,
			);
			path = Repository;
			sourceTree = "<group>";
		};
		DFAF4915297AC73000C457DC /* Parsing */ = {
			isa = PBXGroup;
			children = (
				DF3AF39C29895A1C00FA9452 /* BaseRepository.swift */,
				DF3AF3A6298D4FA100FA9452 /* DetailRepo.swift */,
			);
			path = Parsing;
			sourceTree = "<group>";
		};
		DFAF4930297AC95D00C457DC /* OnDemand */ = {
			isa = PBXGroup;
			children = (
				DFAF493B297AC9EF00C457DC /* ShowsView.swift */,
				DFAF493D297AC9FF00C457DC /* OnDemandParentView.swift */,
				DF3AF3A0298C939800FA9452 /* MoviesView.swift */,
			);
			path = OnDemand;
			sourceTree = "<group>";
		};
		DFAF4931297AC96300C457DC /* InCinemas */ = {
			isa = PBXGroup;
			children = (
				DF3AF3A4298C96B300FA9452 /* ComingSoonView.swift */,
				DFAF4937297AC9CE00C457DC /* InCinemasParentView.swift */,
				DF3AF3A2298C94A400FA9452 /* InCinemasView.swift */,
			);
			path = InCinemas;
			sourceTree = "<group>";
		};
		DFAF4932297AC96E00C457DC /* DetailScreens */ = {
			isa = PBXGroup;
			children = (
				DFAF4926297AC8E700C457DC /* MovieDetailScreen.swift */,
				DFAF4928297AC8F300C457DC /* TVShowDetailScreen.swift */,
			);
			path = DetailScreens;
			sourceTree = "<group>";
		};
/* End PBXGroup section */

/* Begin PBXNativeTarget section */
		DFAF48D9297AC5B900C457DC /* KinoSwiftUI */ = {
			isa = PBXNativeTarget;
			buildConfigurationList = DFAF48E9297AC5BD00C457DC /* Build configuration list for PBXNativeTarget "KinoSwiftUI" */;
			buildPhases = (
				DFAF48D6297AC5B900C457DC /* Sources */,
				DFAF48D7297AC5B900C457DC /* Frameworks */,
				DFAF48D8297AC5B900C457DC /* Resources */,
			);
			buildRules = (
			);
			dependencies = (
			);
			name = KinoSwiftUI;
			packageProductDependencies = (
			);
			productName = KinoSwiftUI;
			productReference = DFAF48DA297AC5B900C457DC /* KinoSwiftUI.app */;
			productType = "com.apple.product-type.application";
		};
/* End PBXNativeTarget section */

/* Begin PBXProject section */
		DFAF48D2297AC5B900C457DC /* Project object */ = {
			isa = PBXProject;
			attributes = {
				BuildIndependentTargetsInParallel = 1;
				LastSwiftUpdateCheck = 1410;
				LastUpgradeCheck = 1410;
				TargetAttributes = {
					DFAF48D9297AC5B900C457DC = {
						CreatedOnToolsVersion = 14.1;
					};
				};
			};
			buildConfigurationList = DFAF48D5297AC5B900C457DC /* Build configuration list for PBXProject "KinoSwiftUI" */;
			compatibilityVersion = "Xcode 14.0";
			developmentRegion = en;
			hasScannedForEncodings = 0;
			knownRegions = (
				en,
				Base,
			);
			mainGroup = DFAF48D1297AC5B900C457DC;
			packageReferences = (
			);
			productRefGroup = DFAF48DB297AC5B900C457DC /* Products */;
			projectDirPath = "";
			projectRoot = "";
			targets = (
				DFAF48D9297AC5B900C457DC /* KinoSwiftUI */,
			);
		};
/* End PBXProject section */

/* Begin PBXResourcesBuildPhase section */
		DFAF48D8297AC5B900C457DC /* Resources */ = {
			isa = PBXResourcesBuildPhase;
			buildActionMask = 2147483647;
			files = (
				DFAF48E6297AC5BD00C457DC /* Preview Assets.xcassets in Resources */,
				DFAF48E2297AC5BD00C457DC /* Assets.xcassets in Resources */,
			);
			runOnlyForDeploymentPostprocessing = 0;
		};
/* End PBXResourcesBuildPhase section */

/* Begin PBXSourcesBuildPhase section */
		DFAF48D6297AC5B900C457DC /* Sources */ = {
			isa = PBXSourcesBuildPhase;
			buildActionMask = 2147483647;
			files = (
				DF58DF12298934100089E0AA /* Datum.swift in Sources */,
				DFAF4929297AC8F300C457DC /* TVShowDetailScreen.swift in Sources */,
				DFAD0EA22996696F001B1C1B /* DetailViewModel.swift in Sources */,
				DF58DF06298933610089E0AA /* Cinema.swift in Sources */,
				DF3AF3A7298D4FA100FA9452 /* DetailRepo.swift in Sources */,
				DFAF4913297AC70F00C457DC /* InCinemasParentViewModel.swift in Sources */,
				DFAF48FB297AC63900C457DC /* JSONEncodingHelper.swift in Sources */,
				DFAF4921297AC78D00C457DC /* ServerAPI+Parsing.swift in Sources */,
				DFAF4938297AC9CE00C457DC /* InCinemasParentView.swift in Sources */,
				DFAD0E962996573E001B1C1B /* BaseItem.swift in Sources */,
				DFAF493C297AC9EF00C457DC /* ShowsView.swift in Sources */,
				DF58DF102989340A0089E0AA /* GroupDatum.swift in Sources */,
				DFAD0E9829965759001B1C1B /* Movie.swift in Sources */,
				DF3AF3A5298C96B300FA9452 /* ComingSoonView.swift in Sources */,
				DF58DF0A2989338E0089E0AA /* Person.swift in Sources */,
				DFAF4917297AC73D00C457DC /* ServerAPI.swift in Sources */,
				DFAD0E9C299657A8001B1C1B /* DetailBaseItem.swift in Sources */,
				DF3AF39D29895A1C00FA9452 /* BaseRepository.swift in Sources */,
				DF9B47282992529A00149AEE /* Stats.swift in Sources */,
				DFAF492F297AC93600C457DC /* ImageBlurView.swift in Sources */,
				DFAF48DE297AC5B900C457DC /* KinoSwiftUIApp.swift in Sources */,
				DF3AF3A3298C94A400FA9452 /* InCinemasView.swift in Sources */,
				DFAF4911297AC70200C457DC /* OnDemandParentViewModel.swift in Sources */,
				DF58DF0E298933F80089E0AA /* Services.swift in Sources */,
				DFAF4903297AC67100C457DC /* Ratings.swift in Sources */,
				DF3AF39F29895A7500FA9452 /* MovieViewModel.swift in Sources */,
				DFAD0E9E2996586D001B1C1B /* TvShowDetail.swift in Sources */,
				DFAF492D297AC92A00C457DC /* SidebarView.swift in Sources */,
				DFAF493E297AC9FF00C457DC /* OnDemandParentView.swift in Sources */,
				DFAD0E9A29965761001B1C1B /* TvShow.swift in Sources */,
				DFAD0EA029965872001B1C1B /* MovieDetail.swift in Sources */,
				DFAF4909297AC6D200C457DC /* ShowsViewModel.swift in Sources */,
				DFAF4907297AC67E00C457DC /* Spotlight.swift in Sources */,
				DF3AF3A1298C939800FA9452 /* MoviesView.swift in Sources */,
				DF58DF0C298933EA0089E0AA /* Showtime.swift in Sources */,
				DFAF4927297AC8E700C457DC /* MovieDetailScreen.swift in Sources */,
				DFAF4925297AC7AD00C457DC /* Helpers.swift in Sources */,
				DFAF492B297AC91200C457DC /* ContentView.swift in Sources */,
				DF9B47202991418100149AEE /* BaseResponse.swift in Sources */,
				DF9B472329914CAD00149AEE /* Category.swift in Sources */,
				DFAF4923297AC79600C457DC /* Error+Extension.swift in Sources */,
			);
			runOnlyForDeploymentPostprocessing = 0;
		};
/* End PBXSourcesBuildPhase section */

/* Begin XCBuildConfiguration section */
		DFAF48E7297AC5BD00C457DC /* Debug */ = {
			isa = XCBuildConfiguration;
			buildSettings = {
				ALWAYS_SEARCH_USER_PATHS = NO;
				CLANG_ANALYZER_NONNULL = YES;
				CLANG_ANALYZER_NUMBER_OBJECT_CONVERSION = YES_AGGRESSIVE;
				CLANG_CXX_LANGUAGE_STANDARD = "gnu++20";
				CLANG_ENABLE_MODULES = YES;
				CLANG_ENABLE_OBJC_ARC = YES;
				CLANG_ENABLE_OBJC_WEAK = YES;
				CLANG_WARN_BLOCK_CAPTURE_AUTORELEASING = YES;
				CLANG_WARN_BOOL_CONVERSION = YES;
				CLANG_WARN_COMMA = YES;
				CLANG_WARN_CONSTANT_CONVERSION = YES;
				CLANG_WARN_DEPRECATED_OBJC_IMPLEMENTATIONS = YES;
				CLANG_WARN_DIRECT_OBJC_ISA_USAGE = YES_ERROR;
				CLANG_WARN_DOCUMENTATION_COMMENTS = YES;
				CLANG_WARN_EMPTY_BODY = YES;
				CLANG_WARN_ENUM_CONVERSION = YES;
				CLANG_WARN_INFINITE_RECURSION = YES;
				CLANG_WARN_INT_CONVERSION = YES;
				CLANG_WARN_NON_LITERAL_NULL_CONVERSION = YES;
				CLANG_WARN_OBJC_IMPLICIT_RETAIN_SELF = YES;
				CLANG_WARN_OBJC_LITERAL_CONVERSION = YES;
				CLANG_WARN_OBJC_ROOT_CLASS = YES_ERROR;
				CLANG_WARN_QUOTED_INCLUDE_IN_FRAMEWORK_HEADER = YES;
				CLANG_WARN_RANGE_LOOP_ANALYSIS = YES;
				CLANG_WARN_STRICT_PROTOTYPES = YES;
				CLANG_WARN_SUSPICIOUS_MOVE = YES;
				CLANG_WARN_UNGUARDED_AVAILABILITY = YES_AGGRESSIVE;
				CLANG_WARN_UNREACHABLE_CODE = YES;
				CLANG_WARN__DUPLICATE_METHOD_MATCH = YES;
				COPY_PHASE_STRIP = NO;
				DEBUG_INFORMATION_FORMAT = dwarf;
				ENABLE_STRICT_OBJC_MSGSEND = YES;
				ENABLE_TESTABILITY = YES;
				GCC_C_LANGUAGE_STANDARD = gnu11;
				GCC_DYNAMIC_NO_PIC = NO;
				GCC_NO_COMMON_BLOCKS = YES;
				GCC_OPTIMIZATION_LEVEL = 0;
				GCC_PREPROCESSOR_DEFINITIONS = (
					"DEBUG=1",
					"$(inherited)",
				);
				GCC_WARN_64_TO_32_BIT_CONVERSION = YES;
				GCC_WARN_ABOUT_RETURN_TYPE = YES_ERROR;
				GCC_WARN_UNDECLARED_SELECTOR = YES;
				GCC_WARN_UNINITIALIZED_AUTOS = YES_AGGRESSIVE;
				GCC_WARN_UNUSED_FUNCTION = YES;
				GCC_WARN_UNUSED_VARIABLE = YES;
				INFOPLIST_KEY_LSApplicationCategoryType = "public.app-category.entertainment";
				MTL_ENABLE_DEBUG_INFO = INCLUDE_SOURCE;
				MTL_FAST_MATH = YES;
				ONLY_ACTIVE_ARCH = YES;
				SWIFT_ACTIVE_COMPILATION_CONDITIONS = DEBUG;
				SWIFT_OPTIMIZATION_LEVEL = "-Onone";
			};
			name = Debug;
		};
		DFAF48E8297AC5BD00C457DC /* Release */ = {
			isa = XCBuildConfiguration;
			buildSettings = {
				ALWAYS_SEARCH_USER_PATHS = NO;
				CLANG_ANALYZER_NONNULL = YES;
				CLANG_ANALYZER_NUMBER_OBJECT_CONVERSION = YES_AGGRESSIVE;
				CLANG_CXX_LANGUAGE_STANDARD = "gnu++20";
				CLANG_ENABLE_MODULES = YES;
				CLANG_ENABLE_OBJC_ARC = YES;
				CLANG_ENABLE_OBJC_WEAK = YES;
				CLANG_WARN_BLOCK_CAPTURE_AUTORELEASING = YES;
				CLANG_WARN_BOOL_CONVERSION = YES;
				CLANG_WARN_COMMA = YES;
				CLANG_WARN_CONSTANT_CONVERSION = YES;
				CLANG_WARN_DEPRECATED_OBJC_IMPLEMENTATIONS = YES;
				CLANG_WARN_DIRECT_OBJC_ISA_USAGE = YES_ERROR;
				CLANG_WARN_DOCUMENTATION_COMMENTS = YES;
				CLANG_WARN_EMPTY_BODY = YES;
				CLANG_WARN_ENUM_CONVERSION = YES;
				CLANG_WARN_INFINITE_RECURSION = YES;
				CLANG_WARN_INT_CONVERSION = YES;
				CLANG_WARN_NON_LITERAL_NULL_CONVERSION = YES;
				CLANG_WARN_OBJC_IMPLICIT_RETAIN_SELF = YES;
				CLANG_WARN_OBJC_LITERAL_CONVERSION = YES;
				CLANG_WARN_OBJC_ROOT_CLASS = YES_ERROR;
				CLANG_WARN_QUOTED_INCLUDE_IN_FRAMEWORK_HEADER = YES;
				CLANG_WARN_RANGE_LOOP_ANALYSIS = YES;
				CLANG_WARN_STRICT_PROTOTYPES = YES;
				CLANG_WARN_SUSPICIOUS_MOVE = YES;
				CLANG_WARN_UNGUARDED_AVAILABILITY = YES_AGGRESSIVE;
				CLANG_WARN_UNREACHABLE_CODE = YES;
				CLANG_WARN__DUPLICATE_METHOD_MATCH = YES;
				COPY_PHASE_STRIP = NO;
				DEBUG_INFORMATION_FORMAT = "dwarf-with-dsym";
				ENABLE_NS_ASSERTIONS = NO;
				ENABLE_STRICT_OBJC_MSGSEND = YES;
				GCC_C_LANGUAGE_STANDARD = gnu11;
				GCC_NO_COMMON_BLOCKS = YES;
				GCC_WARN_64_TO_32_BIT_CONVERSION = YES;
				GCC_WARN_ABOUT_RETURN_TYPE = YES_ERROR;
				GCC_WARN_UNDECLARED_SELECTOR = YES;
				GCC_WARN_UNINITIALIZED_AUTOS = YES_AGGRESSIVE;
				GCC_WARN_UNUSED_FUNCTION = YES;
				GCC_WARN_UNUSED_VARIABLE = YES;
				INFOPLIST_KEY_LSApplicationCategoryType = "public.app-category.entertainment";
				MTL_ENABLE_DEBUG_INFO = NO;
				MTL_FAST_MATH = YES;
				SWIFT_COMPILATION_MODE = wholemodule;
				SWIFT_OPTIMIZATION_LEVEL = "-O";
			};
			name = Release;
		};
		DFAF48EA297AC5BD00C457DC /* Debug */ = {
			isa = XCBuildConfiguration;
			buildSettings = {
				ASSETCATALOG_COMPILER_APPICON_NAME = AppIcon;
				ASSETCATALOG_COMPILER_GLOBAL_ACCENT_COLOR_NAME = AccentColor;
				CODE_SIGN_ENTITLEMENTS = KinoSwiftUI/KinoSwiftUI.entitlements;
				CODE_SIGN_STYLE = Automatic;
				CURRENT_PROJECT_VERSION = 1;
				DEVELOPMENT_ASSET_PATHS = "\"KinoSwiftUI/Preview Content\"";
				DEVELOPMENT_TEAM = VZF9RCF35Y;
				ENABLE_HARDENED_RUNTIME = YES;
				ENABLE_PREVIEWS = YES;
				GENERATE_INFOPLIST_FILE = YES;
				"INFOPLIST_KEY_UIApplicationSceneManifest_Generation[sdk=iphoneos*]" = YES;
				"INFOPLIST_KEY_UIApplicationSceneManifest_Generation[sdk=iphonesimulator*]" = YES;
				"INFOPLIST_KEY_UIApplicationSupportsIndirectInputEvents[sdk=iphoneos*]" = YES;
				"INFOPLIST_KEY_UIApplicationSupportsIndirectInputEvents[sdk=iphonesimulator*]" = YES;
				"INFOPLIST_KEY_UILaunchScreen_Generation[sdk=iphoneos*]" = YES;
				"INFOPLIST_KEY_UILaunchScreen_Generation[sdk=iphonesimulator*]" = YES;
				"INFOPLIST_KEY_UIStatusBarStyle[sdk=iphoneos*]" = UIStatusBarStyleDefault;
				"INFOPLIST_KEY_UIStatusBarStyle[sdk=iphonesimulator*]" = UIStatusBarStyleDefault;
				INFOPLIST_KEY_UISupportedInterfaceOrientations_iPad = "UIInterfaceOrientationPortrait UIInterfaceOrientationPortraitUpsideDown UIInterfaceOrientationLandscapeLeft UIInterfaceOrientationLandscapeRight";
				INFOPLIST_KEY_UISupportedInterfaceOrientations_iPhone = "UIInterfaceOrientationPortrait UIInterfaceOrientationLandscapeLeft UIInterfaceOrientationLandscapeRight";
				IPHONEOS_DEPLOYMENT_TARGET = 15.0;
				LD_RUNPATH_SEARCH_PATHS = "@executable_path/Frameworks";
				"LD_RUNPATH_SEARCH_PATHS[sdk=macosx*]" = "@executable_path/../Frameworks";
				MACOSX_DEPLOYMENT_TARGET = 13.0;
				MARKETING_VERSION = 1.0;
				PRODUCT_BUNDLE_IDENTIFIER = com.kinoSwiftUItesting.KinoSwiftUI;
				PRODUCT_NAME = "$(TARGET_NAME)";
				SDKROOT = auto;
				SUPPORTED_PLATFORMS = "iphoneos iphonesimulator macosx";
				SWIFT_EMIT_LOC_STRINGS = YES;
				SWIFT_VERSION = 5.0;
				TARGETED_DEVICE_FAMILY = "1,2";
			};
			name = Debug;
		};
		DFAF48EB297AC5BD00C457DC /* Release */ = {
			isa = XCBuildConfiguration;
			buildSettings = {
				ASSETCATALOG_COMPILER_APPICON_NAME = AppIcon;
				ASSETCATALOG_COMPILER_GLOBAL_ACCENT_COLOR_NAME = AccentColor;
				CODE_SIGN_ENTITLEMENTS = KinoSwiftUI/KinoSwiftUI.entitlements;
				CODE_SIGN_STYLE = Automatic;
				CURRENT_PROJECT_VERSION = 1;
				DEVELOPMENT_ASSET_PATHS = "\"KinoSwiftUI/Preview Content\"";
				DEVELOPMENT_TEAM = VZF9RCF35Y;
				ENABLE_HARDENED_RUNTIME = YES;
				ENABLE_PREVIEWS = YES;
				GENERATE_INFOPLIST_FILE = YES;
				"INFOPLIST_KEY_UIApplicationSceneManifest_Generation[sdk=iphoneos*]" = YES;
				"INFOPLIST_KEY_UIApplicationSceneManifest_Generation[sdk=iphonesimulator*]" = YES;
				"INFOPLIST_KEY_UIApplicationSupportsIndirectInputEvents[sdk=iphoneos*]" = YES;
				"INFOPLIST_KEY_UIApplicationSupportsIndirectInputEvents[sdk=iphonesimulator*]" = YES;
				"INFOPLIST_KEY_UILaunchScreen_Generation[sdk=iphoneos*]" = YES;
				"INFOPLIST_KEY_UILaunchScreen_Generation[sdk=iphonesimulator*]" = YES;
				"INFOPLIST_KEY_UIStatusBarStyle[sdk=iphoneos*]" = UIStatusBarStyleDefault;
				"INFOPLIST_KEY_UIStatusBarStyle[sdk=iphonesimulator*]" = UIStatusBarStyleDefault;
				INFOPLIST_KEY_UISupportedInterfaceOrientations_iPad = "UIInterfaceOrientationPortrait UIInterfaceOrientationPortraitUpsideDown UIInterfaceOrientationLandscapeLeft UIInterfaceOrientationLandscapeRight";
				INFOPLIST_KEY_UISupportedInterfaceOrientations_iPhone = "UIInterfaceOrientationPortrait UIInterfaceOrientationLandscapeLeft UIInterfaceOrientationLandscapeRight";
				IPHONEOS_DEPLOYMENT_TARGET = 15.0;
				LD_RUNPATH_SEARCH_PATHS = "@executable_path/Frameworks";
				"LD_RUNPATH_SEARCH_PATHS[sdk=macosx*]" = "@executable_path/../Frameworks";
				MACOSX_DEPLOYMENT_TARGET = 13.0;
				MARKETING_VERSION = 1.0;
				PRODUCT_BUNDLE_IDENTIFIER = com.kinoSwiftUItesting.KinoSwiftUI;
				PRODUCT_NAME = "$(TARGET_NAME)";
				SDKROOT = auto;
				SUPPORTED_PLATFORMS = "iphoneos iphonesimulator macosx";
				SWIFT_EMIT_LOC_STRINGS = YES;
				SWIFT_VERSION = 5.0;
				TARGETED_DEVICE_FAMILY = "1,2";
			};
			name = Release;
		};
/* End XCBuildConfiguration section */

/* Begin XCConfigurationList section */
		DFAF48D5297AC5B900C457DC /* Build configuration list for PBXProject "KinoSwiftUI" */ = {
			isa = XCConfigurationList;
			buildConfigurations = (
				DFAF48E7297AC5BD00C457DC /* Debug */,
				DFAF48E8297AC5BD00C457DC /* Release */,
			);
			defaultConfigurationIsVisible = 0;
			defaultConfigurationName = Release;
		};
		DFAF48E9297AC5BD00C457DC /* Build configuration list for PBXNativeTarget "KinoSwiftUI" */ = {
			isa = XCConfigurationList;
			buildConfigurations = (
				DFAF48EA297AC5BD00C457DC /* Debug */,
				DFAF48EB297AC5BD00C457DC /* Release */,
			);
			defaultConfigurationIsVisible = 0;
			defaultConfigurationName = Release;
		};
/* End XCConfigurationList section */
	};
	rootObject = DFAF48D2297AC5B900C457DC /* Project object */;
}
